<?xml version="1.0" encoding="utf-8"?>
<Project ToolsVersion="4.0" xmlns="http://schemas.microsoft.com/developer/msbuild/2003">
  <ItemGroup>
    <ClCompile Include="..\..\..\examples\core\core_basic_window.cpp" />
    <ClCompile Include="MyConversionMethode.cpp" />
  </ItemGroup>
  <ItemGroup>
    <ClInclude Include="MyStruct.h" />
    <ClInclude Include="My3DPrimitives.h" />
    <ClInclude Include="MyConversion.h" />
    <ClInclude Include="MyDrawingMethods.cpp" />
  </ItemGroup>
</Project>